{
  "nodes": {
    "flake-parts": {
      "inputs": {
        "nixpkgs-lib": "nixpkgs-lib"
      },
      "locked": {
        "lastModified": 1709336216,
        "narHash": "sha256-Dt/wOWeW6Sqm11Yh+2+t0dfEWxoMxGBvv3JpIocFl9E=",
        "owner": "hercules-ci",
        "repo": "flake-parts",
        "rev": "f7b3c975cf067e56e7cda6cb098ebe3fb4d74ca2",
        "type": "github"
      },
      "original": {
        "owner": "hercules-ci",
        "repo": "flake-parts",
        "type": "github"
      }
    },
    "nix-gaming": {
      "inputs": {
        "flake-parts": "flake-parts",
        "nixpkgs": "nixpkgs"
      },
      "locked": {
        "lastModified": 1710637843,
        "narHash": "sha256-NVszlVTM0sEe8yZuOShitwOhNdl2juD7032SQg2dV+U=",
        "owner": "fufexan",
        "repo": "nix-gaming",
        "rev": "da2c09734818d85ef4d112997b5188b62cfdd0fd",
        "type": "github"
      },
      "original": {
        "owner": "fufexan",
        "repo": "nix-gaming",
        "type": "github"
      }
    },
    "nixpkgs": {
      "locked": {
        "lastModified": 1710534455,
        "narHash": "sha256-huQT4Xs0y4EeFKn2BTBVYgEwJSv8SDlm82uWgMnCMmI=",
        "owner": "NixOS",
        "repo": "nixpkgs",
        "rev": "9af9c1c87ed3e3ed271934cb896e0cdd33dae212",
        "type": "github"
      },
      "original": {
        "owner": "NixOS",
        "ref": "nixpkgs-unstable",
        "repo": "nixpkgs",
        "type": "github"
      }
    },
    "nixpkgs-lib": {
      "locked": {
        "dir": "lib",
        "lastModified": 1709237383,
        "narHash": "sha256-cy6ArO4k5qTx+l5o+0mL9f5fa86tYUX3ozE1S+Txlds=",
        "owner": "NixOS",
        "repo": "nixpkgs",
        "rev": "1536926ef5621b09bba54035ae2bb6d806d72ac8",
        "type": "github"
      },
      "original": {
        "dir": "lib",
        "owner": "NixOS",
        "ref": "nixos-unstable",
        "repo": "nixpkgs",
        "type": "github"
      }
    },
    "nixpkgs-test": {
      "locked": {
        "lastModified": 1710715725,
        "narHash": "sha256-Wc10WrQC9CDhcJ3Kj2RUukFPLIx8q8Zbpi84xongnF8=",
        "owner": "CutestNekoAqua",
        "repo": "nixpkgs",
        "rev": "5359d24a20d1d7c211cf2fb624f8f857f071fabe",
        "type": "github"
      },
      "original": {
        "owner": "CutestNekoAqua",
        "ref": "sharkey",
        "repo": "nixpkgs",
        "type": "github"
      }
    },
    "nixpkgs_2": {
      "locked": {
        "lastModified": 1710631334,
        "narHash": "sha256-rL5LSYd85kplL5othxK5lmAtjyMOBg390sGBTb3LRMM=",
        "owner": "NixOS",
        "repo": "nixpkgs",
        "rev": "c75037bbf9093a2acb617804ee46320d6d1fea5a",
        "type": "github"
      },
      "original": {
        "owner": "NixOS",
        "ref": "nixos-unstable",
        "repo": "nixpkgs",
        "type": "github"
      }
    },
    "nur": {
      "locked": {
        "lastModified": 1710715532,
        "narHash": "sha256-1KgI1DhDQGQe2Q25ckZN4CKrGtASJ7lC98naP4Frm+I=",
        "owner": "nix-community",
        "repo": "NUR",
        "rev": "6e59126223880775fe33c9115d135bdb345efbe3",
        "type": "github"
      },
      "original": {
        "owner": "nix-community",
        "repo": "NUR",
        "type": "github"
      }
    },
    "root": {
      "inputs": {
        "nix-gaming": "nix-gaming",
        "nixpkgs": "nixpkgs_2",
        "nixpkgs-test": "nixpkgs-test",
        "nur": "nur",
        "systems": "systems"
      }
    },
    "systems": {
      "locked": {
        "lastModified": 1689347949,
        "narHash": "sha256-12tWmuL2zgBgZkdoB6qXZsgJEH9LR3oUgpaQq2RbI80=",
        "owner": "nix-systems",
        "repo": "default-linux",
        "rev": "31732fcf5e8fea42e59c2488ad31a0e651500f68",
        "type": "github"
      },
      "original": {
        "owner": "nix-systems",
        "repo": "default-linux",
        "type": "github"
      }
    }
  },
  "root": "root",
  "version": 7
}
